
Microsoft Visual Studio Solution File, Format Version 12.00
# Visual Studio Version 16
VisualStudioVersion = 16.0.29411.138
MinimumVisualStudioVersion = 10.0.40219.1
Project("{D954291E-2A0B-460D-934E-DC6B0785DB48}") = "FSharpSL.src", "FSharpSL.src\FSharpSL.src.shproj", "{95BC3306-B629-450F-9DE8-40EB50DB95B5}"
EndProject
Project("{9A19103F-16F7-4668-BE54-9A1E7A4F7556}") = "FSharpSL.build", "FSharpSL.build\FSharpSL.build.csproj", "{3143A265-D373-41DD-8302-08E1DA667008}"
EndProject
Global
	GlobalSection(SharedMSBuildProjectFiles) = preSolution
		FSharpSL.src\FSharpSL.src.projitems*{95bc3306-b629-450f-9de8-40eb50db95b5}*SharedItemsImports = 13
	EndGlobalSection
	GlobalSection(SolutionConfigurationPlatforms) = preSolution
		Debug|Any CPU = Debug|Any CPU
		Release|Any CPU = Release|Any CPU
	EndGlobalSection
	GlobalSection(ProjectConfigurationPlatforms) = postSolution
		{3143A265-D373-41DD-8302-08E1DA667008}.Debug|Any CPU.ActiveCfg = Debug|Any CPU
		{3143A265-D373-41DD-8302-08E1DA667008}.Debug|Any CPU.Build.0 = Debug|Any CPU
		{3143A265-D373-41DD-8302-08E1DA667008}.Release|Any CPU.ActiveCfg = Release|Any CPU
		{3143A265-D373-41DD-8302-08E1DA667008}.Release|Any CPU.Build.0 = Release|Any CPU
	EndGlobalSection
	GlobalSection(SolutionProperties) = preSolution
		HideSolutionNode = FALSE
	EndGlobalSection
	GlobalSection(ExtensibilityGlobals) = postSolution
		SolutionGuid = {2EB3B3C2-0AF0-4D09-97D3-0C9BA2D22A0F}
	EndGlobalSection
EndGlobal
